
Microsoft Visual Studio Solution File, Format Version 12.00
# Visual Studio Version 17
VisualStudioVersion = 17.14.36221.1
MinimumVisualStudioVersion = 10.0.40219.1
Project("{FAE04EC0-301F-11D3-BF4B-00C04F79EFBC}") = "MyHWMonitorApp", "MyHWMonitorApp\MyHWMonitorApp.csproj", "{4A52B030-9C9E-4B04-A998-A771441C45C4}"
EndProject
Project("{FAE04EC0-301F-11D3-BF4B-00C04F79EFBC}") = "MyHWMonitorWPFApp", "MyHWMonitorWPFApp\MyHWMonitorWPFApp.csproj", "{5227CF2E-616C-45FE-A945-471D6DADD5D2}"
EndProject
Global
	GlobalSection(SolutionConfigurationPlatforms) = preSolution
		Debug|Any CPU = Debug|Any CPU
		Release|Any CPU = Release|Any CPU
	EndGlobalSection
	GlobalSection(ProjectConfigurationPlatforms) = postSolution
		{4A52B030-9C9E-4B04-A998-A771441C45C4}.Debug|Any CPU.ActiveCfg = Debug|Any CPU
		{4A52B030-9C9E-4B04-A998-A771441C45C4}.Debug|Any CPU.Build.0 = Debug|Any CPU
		{4A52B030-9C9E-4B04-A998-A771441C45C4}.Release|Any CPU.ActiveCfg = Release|Any CPU
		{4A52B030-9C9E-4B04-A998-A771441C45C4}.Release|Any CPU.Build.0 = Release|Any CPU
		{5227CF2E-616C-45FE-A945-471D6DADD5D2}.Debug|Any CPU.ActiveCfg = Debug|Any CPU
		{5227CF2E-616C-45FE-A945-471D6DADD5D2}.Debug|Any CPU.Build.0 = Debug|Any CPU
		{5227CF2E-616C-45FE-A945-471D6DADD5D2}.Release|Any CPU.ActiveCfg = Release|Any CPU
		{5227CF2E-616C-45FE-A945-471D6DADD5D2}.Release|Any CPU.Build.0 = Release|Any CPU
	EndGlobalSection
	GlobalSection(SolutionProperties) = preSolution
		HideSolutionNode = FALSE
	EndGlobalSection
	GlobalSection(ExtensibilityGlobals) = postSolution
		SolutionGuid = {CD972C0D-5C7D-4D6B-92FF-E2053CB5B47E}
	EndGlobalSection
EndGlobal
